
Microsoft Visual Studio Solution File, Format Version 12.00
# Visual Studio Version 17
VisualStudioVersion = 17.10.34928.147
MinimumVisualStudioVersion = 10.0.40219.1
Project("{F184B08F-C81C-45F6-A57F-5ABD9991F28F}") = "gh_ml_plugin", "gh_ml_plugin.vbproj", "{BB29D81F-0C32-42A8-8868-24F3DE135A6B}"
EndProject
Global
	GlobalSection(SolutionConfigurationPlatforms) = preSolution
		Debug|Any CPU = Debug|Any CPU
		Release|Any CPU = Release|Any CPU
	EndGlobalSection
	GlobalSection(ProjectConfigurationPlatforms) = postSolution
		{BB29D81F-0C32-42A8-8868-24F3DE135A6B}.Debug|Any CPU.ActiveCfg = Debug|Any CPU
		{BB29D81F-0C32-42A8-8868-24F3DE135A6B}.Debug|Any CPU.Build.0 = Debug|Any CPU
		{BB29D81F-0C32-42A8-8868-24F3DE135A6B}.Release|Any CPU.ActiveCfg = Release|Any CPU
		{BB29D81F-0C32-42A8-8868-24F3DE135A6B}.Release|Any CPU.Build.0 = Release|Any CPU
	EndGlobalSection
	GlobalSection(SolutionProperties) = preSolution
		HideSolutionNode = FALSE
	EndGlobalSection
	GlobalSection(ExtensibilityGlobals) = postSolution
		SolutionGuid = {3C4D24FB-1FC5-4484-A1E3-2A9CBC72EE59}
	EndGlobalSection
EndGlobal
